
Microsoft Visual Studio Solution File, Format Version 12.00
# Visual Studio Version 17
VisualStudioVersion = 17.2.32630.192
MinimumVisualStudioVersion = 10.0.40219.1
Project("{FAE04EC0-301F-11D3-BF4B-00C04F79EFBC}") = "WebAPI-JWT-Identity", "WebAPI-JWT-Identity\WebAPI-JWT-Identity.csproj", "{39408250-B4C6-4765-A084-CD82444674FB}"
EndProject
Global
	GlobalSection(SolutionConfigurationPlatforms) = preSolution
		Debug|Any CPU = Debug|Any CPU
		Release|Any CPU = Release|Any CPU
	EndGlobalSection
	GlobalSection(ProjectConfigurationPlatforms) = postSolution
		{39408250-B4C6-4765-A084-CD82444674FB}.Debug|Any CPU.ActiveCfg = Debug|Any CPU
		{39408250-B4C6-4765-A084-CD82444674FB}.Debug|Any CPU.Build.0 = Debug|Any CPU
		{39408250-B4C6-4765-A084-CD82444674FB}.Release|Any CPU.ActiveCfg = Release|Any CPU
		{39408250-B4C6-4765-A084-CD82444674FB}.Release|Any CPU.Build.0 = Release|Any CPU
	EndGlobalSection
	GlobalSection(SolutionProperties) = preSolution
		HideSolutionNode = FALSE
	EndGlobalSection
	GlobalSection(ExtensibilityGlobals) = postSolution
		SolutionGuid = {A59612E9-2D14-4FB4-89F7-DE33BD52B5AF}
	EndGlobalSection
EndGlobal
